
Microsoft Visual Studio Solution File, Format Version 12.00
# Visual Studio Version 16
VisualStudioVersion = 16.0.30011.22
MinimumVisualStudioVersion = 10.0.40219.1
Project("{2150E333-8FDC-42A3-9474-1A3956D46DE8}") = "src", "src", "{E386A151-B0B6-4894-AE24-88C39224BB34}"
EndProject
Project("{2150E333-8FDC-42A3-9474-1A3956D46DE8}") = "Orleans", "Orleans", "{94804FDE-ACD6-4CED-8998-6D5C9E2F3C6A}"
	ProjectSection(SolutionItems) = preProject
		src\Orleans\README = src\Orleans\README
	EndProjectSection
EndProject
Project("{9A19103F-16F7-4668-BE54-9A1E7A4F7556}") = "Grains.Contracts", "src\Orleans\Grains.Contracts\Grains.Contracts.csproj", "{4B3E1DDD-371E-43E0-BBB5-3E08C4EF191B}"
EndProject
Project("{9A19103F-16F7-4668-BE54-9A1E7A4F7556}") = "Grains", "src\Orleans\Grains\Grains.csproj", "{F230178B-8F2D-434D-AFFB-FBA75DC78177}"
EndProject
Project("{9A19103F-16F7-4668-BE54-9A1E7A4F7556}") = "Host.Silo", "src\Orleans\Host.Silo\Host.Silo.csproj", "{67280196-261B-4818-8C0D-DF2BEE1392C3}"
EndProject
Project("{9A19103F-16F7-4668-BE54-9A1E7A4F7556}") = "Client.Console", "src\Orleans\Client.Console\Client.Console.csproj", "{804049FA-DDD2-4C81-A243-E55B24A21B84}"
EndProject
Project("{9A19103F-16F7-4668-BE54-9A1E7A4F7556}") = "Client.Web", "src\Orleans\Client.Web\Client.Web.csproj", "{4AD683C5-3A6F-48BE-8B6C-EB6641EDE686}"
EndProject
Project("{2150E333-8FDC-42A3-9474-1A3956D46DE8}") = "Grpc", "Grpc", "{7931597C-AB2E-4796-8906-9DAD02964763}"
	ProjectSection(SolutionItems) = preProject
		src\Grpc\README.md = src\Grpc\README.md
	EndProjectSection
EndProject
Project("{9A19103F-16F7-4668-BE54-9A1E7A4F7556}") = "Client", "src\Grpc\Client\Client.csproj", "{71DFC3B5-1E42-4C5E-AB56-43EDDAB4DE94}"
EndProject
Project("{9A19103F-16F7-4668-BE54-9A1E7A4F7556}") = "Server", "src\Grpc\Server\Server.csproj", "{4955AA69-68F2-4982-9E0D-641804B28A38}"
EndProject
Project("{2150E333-8FDC-42A3-9474-1A3956D46DE8}") = "My", "My", "{E3899A2E-C22A-42A6-B1EB-CBFAF32F0455}"
EndProject
Project("{9A19103F-16F7-4668-BE54-9A1E7A4F7556}") = "IoCContainer", "src\My\IoCContainer\IoCContainer.csproj", "{D3780D66-2394-4200-BEA2-DC65CCDEF844}"
EndProject
Project("{9A19103F-16F7-4668-BE54-9A1E7A4F7556}") = "Dispatcher", "src\My\Dispatcher\Dispatcher.csproj", "{2FF9DEB5-5233-4386-8912-2A687A6E88BB}"
EndProject
Project("{2150E333-8FDC-42A3-9474-1A3956D46DE8}") = "TplDataFlow", "TplDataFlow", "{B2275288-6E31-4681-9648-D54011973C22}"
EndProject
Project("{9A19103F-16F7-4668-BE54-9A1E7A4F7556}") = "TplDataFlow", "src\TplDataFlow\TplDataFlow\TplDataFlow.csproj", "{14ADBA91-08E1-4C78-A000-CA10C6BA39F9}"
EndProject
Project("{FAE04EC0-301F-11D3-BF4B-00C04F79EFBC}") = "Mediator", "src\My\Mediator\Mediator.csproj", "{14B484F2-F3F9-47BA-AEA4-724A44E2ACF6}"
EndProject
Global
	GlobalSection(SolutionConfigurationPlatforms) = preSolution
		Debug|Any CPU = Debug|Any CPU
		Release|Any CPU = Release|Any CPU
	EndGlobalSection
	GlobalSection(ProjectConfigurationPlatforms) = postSolution
		{4B3E1DDD-371E-43E0-BBB5-3E08C4EF191B}.Debug|Any CPU.ActiveCfg = Debug|Any CPU
		{4B3E1DDD-371E-43E0-BBB5-3E08C4EF191B}.Debug|Any CPU.Build.0 = Debug|Any CPU
		{4B3E1DDD-371E-43E0-BBB5-3E08C4EF191B}.Release|Any CPU.ActiveCfg = Release|Any CPU
		{4B3E1DDD-371E-43E0-BBB5-3E08C4EF191B}.Release|Any CPU.Build.0 = Release|Any CPU
		{F230178B-8F2D-434D-AFFB-FBA75DC78177}.Debug|Any CPU.ActiveCfg = Debug|Any CPU
		{F230178B-8F2D-434D-AFFB-FBA75DC78177}.Debug|Any CPU.Build.0 = Debug|Any CPU
		{F230178B-8F2D-434D-AFFB-FBA75DC78177}.Release|Any CPU.ActiveCfg = Release|Any CPU
		{F230178B-8F2D-434D-AFFB-FBA75DC78177}.Release|Any CPU.Build.0 = Release|Any CPU
		{67280196-261B-4818-8C0D-DF2BEE1392C3}.Debug|Any CPU.ActiveCfg = Debug|Any CPU
		{67280196-261B-4818-8C0D-DF2BEE1392C3}.Debug|Any CPU.Build.0 = Debug|Any CPU
		{67280196-261B-4818-8C0D-DF2BEE1392C3}.Release|Any CPU.ActiveCfg = Release|Any CPU
		{67280196-261B-4818-8C0D-DF2BEE1392C3}.Release|Any CPU.Build.0 = Release|Any CPU
		{804049FA-DDD2-4C81-A243-E55B24A21B84}.Debug|Any CPU.ActiveCfg = Debug|Any CPU
		{804049FA-DDD2-4C81-A243-E55B24A21B84}.Debug|Any CPU.Build.0 = Debug|Any CPU
		{804049FA-DDD2-4C81-A243-E55B24A21B84}.Release|Any CPU.ActiveCfg = Release|Any CPU
		{804049FA-DDD2-4C81-A243-E55B24A21B84}.Release|Any CPU.Build.0 = Release|Any CPU
		{4AD683C5-3A6F-48BE-8B6C-EB6641EDE686}.Debug|Any CPU.ActiveCfg = Debug|Any CPU
		{4AD683C5-3A6F-48BE-8B6C-EB6641EDE686}.Debug|Any CPU.Build.0 = Debug|Any CPU
		{4AD683C5-3A6F-48BE-8B6C-EB6641EDE686}.Release|Any CPU.ActiveCfg = Release|Any CPU
		{4AD683C5-3A6F-48BE-8B6C-EB6641EDE686}.Release|Any CPU.Build.0 = Release|Any CPU
		{71DFC3B5-1E42-4C5E-AB56-43EDDAB4DE94}.Debug|Any CPU.ActiveCfg = Debug|Any CPU
		{71DFC3B5-1E42-4C5E-AB56-43EDDAB4DE94}.Debug|Any CPU.Build.0 = Debug|Any CPU
		{71DFC3B5-1E42-4C5E-AB56-43EDDAB4DE94}.Release|Any CPU.ActiveCfg = Release|Any CPU
		{71DFC3B5-1E42-4C5E-AB56-43EDDAB4DE94}.Release|Any CPU.Build.0 = Release|Any CPU
		{4955AA69-68F2-4982-9E0D-641804B28A38}.Debug|Any CPU.ActiveCfg = Debug|Any CPU
		{4955AA69-68F2-4982-9E0D-641804B28A38}.Debug|Any CPU.Build.0 = Debug|Any CPU
		{4955AA69-68F2-4982-9E0D-641804B28A38}.Release|Any CPU.ActiveCfg = Release|Any CPU
		{4955AA69-68F2-4982-9E0D-641804B28A38}.Release|Any CPU.Build.0 = Release|Any CPU
		{D3780D66-2394-4200-BEA2-DC65CCDEF844}.Debug|Any CPU.ActiveCfg = Debug|Any CPU
		{D3780D66-2394-4200-BEA2-DC65CCDEF844}.Debug|Any CPU.Build.0 = Debug|Any CPU
		{D3780D66-2394-4200-BEA2-DC65CCDEF844}.Release|Any CPU.ActiveCfg = Release|Any CPU
		{D3780D66-2394-4200-BEA2-DC65CCDEF844}.Release|Any CPU.Build.0 = Release|Any CPU
		{2FF9DEB5-5233-4386-8912-2A687A6E88BB}.Debug|Any CPU.ActiveCfg = Debug|Any CPU
		{2FF9DEB5-5233-4386-8912-2A687A6E88BB}.Debug|Any CPU.Build.0 = Debug|Any CPU
		{2FF9DEB5-5233-4386-8912-2A687A6E88BB}.Release|Any CPU.ActiveCfg = Release|Any CPU
		{2FF9DEB5-5233-4386-8912-2A687A6E88BB}.Release|Any CPU.Build.0 = Release|Any CPU
		{14ADBA91-08E1-4C78-A000-CA10C6BA39F9}.Debug|Any CPU.ActiveCfg = Debug|Any CPU
		{14ADBA91-08E1-4C78-A000-CA10C6BA39F9}.Debug|Any CPU.Build.0 = Debug|Any CPU
		{14ADBA91-08E1-4C78-A000-CA10C6BA39F9}.Release|Any CPU.ActiveCfg = Release|Any CPU
		{14ADBA91-08E1-4C78-A000-CA10C6BA39F9}.Release|Any CPU.Build.0 = Release|Any CPU
		{14B484F2-F3F9-47BA-AEA4-724A44E2ACF6}.Debug|Any CPU.ActiveCfg = Debug|Any CPU
		{14B484F2-F3F9-47BA-AEA4-724A44E2ACF6}.Debug|Any CPU.Build.0 = Debug|Any CPU
		{14B484F2-F3F9-47BA-AEA4-724A44E2ACF6}.Release|Any CPU.ActiveCfg = Release|Any CPU
		{14B484F2-F3F9-47BA-AEA4-724A44E2ACF6}.Release|Any CPU.Build.0 = Release|Any CPU
	EndGlobalSection
	GlobalSection(SolutionProperties) = preSolution
		HideSolutionNode = FALSE
	EndGlobalSection
	GlobalSection(NestedProjects) = preSolution
		{94804FDE-ACD6-4CED-8998-6D5C9E2F3C6A} = {E386A151-B0B6-4894-AE24-88C39224BB34}
		{4B3E1DDD-371E-43E0-BBB5-3E08C4EF191B} = {94804FDE-ACD6-4CED-8998-6D5C9E2F3C6A}
		{F230178B-8F2D-434D-AFFB-FBA75DC78177} = {94804FDE-ACD6-4CED-8998-6D5C9E2F3C6A}
		{67280196-261B-4818-8C0D-DF2BEE1392C3} = {94804FDE-ACD6-4CED-8998-6D5C9E2F3C6A}
		{804049FA-DDD2-4C81-A243-E55B24A21B84} = {94804FDE-ACD6-4CED-8998-6D5C9E2F3C6A}
		{4AD683C5-3A6F-48BE-8B6C-EB6641EDE686} = {94804FDE-ACD6-4CED-8998-6D5C9E2F3C6A}
		{7931597C-AB2E-4796-8906-9DAD02964763} = {E386A151-B0B6-4894-AE24-88C39224BB34}
		{71DFC3B5-1E42-4C5E-AB56-43EDDAB4DE94} = {7931597C-AB2E-4796-8906-9DAD02964763}
		{4955AA69-68F2-4982-9E0D-641804B28A38} = {7931597C-AB2E-4796-8906-9DAD02964763}
		{E3899A2E-C22A-42A6-B1EB-CBFAF32F0455} = {E386A151-B0B6-4894-AE24-88C39224BB34}
		{D3780D66-2394-4200-BEA2-DC65CCDEF844} = {E3899A2E-C22A-42A6-B1EB-CBFAF32F0455}
		{2FF9DEB5-5233-4386-8912-2A687A6E88BB} = {E3899A2E-C22A-42A6-B1EB-CBFAF32F0455}
		{B2275288-6E31-4681-9648-D54011973C22} = {E386A151-B0B6-4894-AE24-88C39224BB34}
		{14ADBA91-08E1-4C78-A000-CA10C6BA39F9} = {B2275288-6E31-4681-9648-D54011973C22}
		{14B484F2-F3F9-47BA-AEA4-724A44E2ACF6} = {E3899A2E-C22A-42A6-B1EB-CBFAF32F0455}
	EndGlobalSection
	GlobalSection(ExtensibilityGlobals) = postSolution
		SolutionGuid = {04C17BF5-0727-4591-B4AC-31C5F8B0B1B5}
	EndGlobalSection
EndGlobal
