
Microsoft Visual Studio Solution File, Format Version 12.00
Project("{2150E333-8FDC-42A3-9474-1A3956D46DE8}") = "src", "src", "{E386A151-B0B6-4894-AE24-88C39224BB34}"
EndProject
Project("{2150E333-8FDC-42A3-9474-1A3956D46DE8}") = "Orleans", "Orleans", "{94804FDE-ACD6-4CED-8998-6D5C9E2F3C6A}"
EndProject
Project("{FAE04EC0-301F-11D3-BF4B-00C04F79EFBC}") = "Grains.Contracts", "src\Orleans\Grains.Contracts\Grains.Contracts.csproj", "{4B3E1DDD-371E-43E0-BBB5-3E08C4EF191B}"
EndProject
Project("{FAE04EC0-301F-11D3-BF4B-00C04F79EFBC}") = "Grains", "src\Orleans\Grains\Grains.csproj", "{F230178B-8F2D-434D-AFFB-FBA75DC78177}"
EndProject
Project("{FAE04EC0-301F-11D3-BF4B-00C04F79EFBC}") = "Host.Silo", "src\Orleans\Host.Silo\Host.Silo.csproj", "{67280196-261B-4818-8C0D-DF2BEE1392C3}"
EndProject
Project("{FAE04EC0-301F-11D3-BF4B-00C04F79EFBC}") = "Client.Console", "src\Orleans\Client.Console\Client.Console.csproj", "{804049FA-DDD2-4C81-A243-E55B24A21B84}"
EndProject
Project("{FAE04EC0-301F-11D3-BF4B-00C04F79EFBC}") = "Client.Web", "src\Orleans\Client.Web\Client.Web.csproj", "{4AD683C5-3A6F-48BE-8B6C-EB6641EDE686}"
EndProject
Project("{2150E333-8FDC-42A3-9474-1A3956D46DE8}") = "gRPC", "gRPC", "{A3896EDF-0CED-486F-842C-974DBB33C099}"
ProjectSection(SolutionItems) = preProject
	src\gRPC\ReadMe.txt = src\gRPC\ReadMe.txt
EndProjectSection
EndProject
Project("{FAE04EC0-301F-11D3-BF4B-00C04F79EFBC}") = "Contract", "src\gRPC\Contract\Contract.csproj", "{48D271B9-F12E-4BBC-847D-C4E86F54B67B}"
EndProject
Project("{FAE04EC0-301F-11D3-BF4B-00C04F79EFBC}") = "Server", "src\gRPC\Server\Server.csproj", "{DD774560-9AD4-47BC-B58E-DD6CEF3F6D0D}"
EndProject
Project("{FAE04EC0-301F-11D3-BF4B-00C04F79EFBC}") = "Client", "src\gRPC\Client\Client.csproj", "{41538317-F06C-4380-83EE-00AC4D77957A}"
EndProject
Global
	GlobalSection(SolutionConfigurationPlatforms) = preSolution
		Debug|Any CPU = Debug|Any CPU
		Release|Any CPU = Release|Any CPU
	EndGlobalSection
	GlobalSection(NestedProjects) = preSolution
		{94804FDE-ACD6-4CED-8998-6D5C9E2F3C6A} = {E386A151-B0B6-4894-AE24-88C39224BB34}
		{4B3E1DDD-371E-43E0-BBB5-3E08C4EF191B} = {94804FDE-ACD6-4CED-8998-6D5C9E2F3C6A}
		{F230178B-8F2D-434D-AFFB-FBA75DC78177} = {94804FDE-ACD6-4CED-8998-6D5C9E2F3C6A}
		{67280196-261B-4818-8C0D-DF2BEE1392C3} = {94804FDE-ACD6-4CED-8998-6D5C9E2F3C6A}
		{804049FA-DDD2-4C81-A243-E55B24A21B84} = {94804FDE-ACD6-4CED-8998-6D5C9E2F3C6A}
		{4AD683C5-3A6F-48BE-8B6C-EB6641EDE686} = {94804FDE-ACD6-4CED-8998-6D5C9E2F3C6A}
		{A3896EDF-0CED-486F-842C-974DBB33C099} = {E386A151-B0B6-4894-AE24-88C39224BB34}
		{48D271B9-F12E-4BBC-847D-C4E86F54B67B} = {A3896EDF-0CED-486F-842C-974DBB33C099}
		{DD774560-9AD4-47BC-B58E-DD6CEF3F6D0D} = {A3896EDF-0CED-486F-842C-974DBB33C099}
		{41538317-F06C-4380-83EE-00AC4D77957A} = {A3896EDF-0CED-486F-842C-974DBB33C099}
	EndGlobalSection
	GlobalSection(ProjectConfigurationPlatforms) = postSolution
		{4B3E1DDD-371E-43E0-BBB5-3E08C4EF191B}.Debug|Any CPU.ActiveCfg = Debug|Any CPU
		{4B3E1DDD-371E-43E0-BBB5-3E08C4EF191B}.Debug|Any CPU.Build.0 = Debug|Any CPU
		{4B3E1DDD-371E-43E0-BBB5-3E08C4EF191B}.Release|Any CPU.ActiveCfg = Release|Any CPU
		{4B3E1DDD-371E-43E0-BBB5-3E08C4EF191B}.Release|Any CPU.Build.0 = Release|Any CPU
		{F230178B-8F2D-434D-AFFB-FBA75DC78177}.Debug|Any CPU.ActiveCfg = Debug|Any CPU
		{F230178B-8F2D-434D-AFFB-FBA75DC78177}.Debug|Any CPU.Build.0 = Debug|Any CPU
		{F230178B-8F2D-434D-AFFB-FBA75DC78177}.Release|Any CPU.ActiveCfg = Release|Any CPU
		{F230178B-8F2D-434D-AFFB-FBA75DC78177}.Release|Any CPU.Build.0 = Release|Any CPU
		{67280196-261B-4818-8C0D-DF2BEE1392C3}.Debug|Any CPU.ActiveCfg = Debug|Any CPU
		{67280196-261B-4818-8C0D-DF2BEE1392C3}.Debug|Any CPU.Build.0 = Debug|Any CPU
		{67280196-261B-4818-8C0D-DF2BEE1392C3}.Release|Any CPU.ActiveCfg = Release|Any CPU
		{67280196-261B-4818-8C0D-DF2BEE1392C3}.Release|Any CPU.Build.0 = Release|Any CPU
		{804049FA-DDD2-4C81-A243-E55B24A21B84}.Debug|Any CPU.ActiveCfg = Debug|Any CPU
		{804049FA-DDD2-4C81-A243-E55B24A21B84}.Debug|Any CPU.Build.0 = Debug|Any CPU
		{804049FA-DDD2-4C81-A243-E55B24A21B84}.Release|Any CPU.ActiveCfg = Release|Any CPU
		{804049FA-DDD2-4C81-A243-E55B24A21B84}.Release|Any CPU.Build.0 = Release|Any CPU
		{4AD683C5-3A6F-48BE-8B6C-EB6641EDE686}.Debug|Any CPU.ActiveCfg = Debug|Any CPU
		{4AD683C5-3A6F-48BE-8B6C-EB6641EDE686}.Debug|Any CPU.Build.0 = Debug|Any CPU
		{4AD683C5-3A6F-48BE-8B6C-EB6641EDE686}.Release|Any CPU.ActiveCfg = Release|Any CPU
		{4AD683C5-3A6F-48BE-8B6C-EB6641EDE686}.Release|Any CPU.Build.0 = Release|Any CPU
		{48D271B9-F12E-4BBC-847D-C4E86F54B67B}.Debug|Any CPU.ActiveCfg = Debug|Any CPU
		{48D271B9-F12E-4BBC-847D-C4E86F54B67B}.Debug|Any CPU.Build.0 = Debug|Any CPU
		{48D271B9-F12E-4BBC-847D-C4E86F54B67B}.Release|Any CPU.ActiveCfg = Release|Any CPU
		{48D271B9-F12E-4BBC-847D-C4E86F54B67B}.Release|Any CPU.Build.0 = Release|Any CPU
		{DD774560-9AD4-47BC-B58E-DD6CEF3F6D0D}.Debug|Any CPU.ActiveCfg = Debug|Any CPU
		{DD774560-9AD4-47BC-B58E-DD6CEF3F6D0D}.Debug|Any CPU.Build.0 = Debug|Any CPU
		{DD774560-9AD4-47BC-B58E-DD6CEF3F6D0D}.Release|Any CPU.ActiveCfg = Release|Any CPU
		{DD774560-9AD4-47BC-B58E-DD6CEF3F6D0D}.Release|Any CPU.Build.0 = Release|Any CPU
		{41538317-F06C-4380-83EE-00AC4D77957A}.Debug|Any CPU.ActiveCfg = Debug|Any CPU
		{41538317-F06C-4380-83EE-00AC4D77957A}.Debug|Any CPU.Build.0 = Debug|Any CPU
		{41538317-F06C-4380-83EE-00AC4D77957A}.Release|Any CPU.ActiveCfg = Release|Any CPU
		{41538317-F06C-4380-83EE-00AC4D77957A}.Release|Any CPU.Build.0 = Release|Any CPU
	EndGlobalSection
EndGlobal
